
Microsoft Visual Studio Solution File, Format Version 12.00
# Visual Studio Version 16
VisualStudioVersion = 16.0.31515.178
MinimumVisualStudioVersion = 10.0.40219.1
Project("{9A19103F-16F7-4668-BE54-9A1E7A4F7556}") = "Scripts.SongRequest.CSharp", "Scripts.SongRequest.CSharp\Scripts.SongRequest.CSharp.csproj", "{FFAA2E8D-9543-45A7-8931-0E6C8CE6951D}"
EndProject
Project("{FAE04EC0-301F-11D3-BF4B-00C04F79EFBC}") = "Scripts.SongRequest.TestConsoleApp", "Scripts.SongRequest.TestConsoleApp\Scripts.SongRequest.TestConsoleApp.csproj", "{AC2B1286-3053-477B-B48A-0E5D84688C70}"
EndProject
Global
	GlobalSection(SolutionConfigurationPlatforms) = preSolution
		Debug|Any CPU = Debug|Any CPU
		Release|Any CPU = Release|Any CPU
	EndGlobalSection
	GlobalSection(ProjectConfigurationPlatforms) = postSolution
		{FFAA2E8D-9543-45A7-8931-0E6C8CE6951D}.Debug|Any CPU.ActiveCfg = Debug|Any CPU
		{FFAA2E8D-9543-45A7-8931-0E6C8CE6951D}.Debug|Any CPU.Build.0 = Debug|Any CPU
		{FFAA2E8D-9543-45A7-8931-0E6C8CE6951D}.Release|Any CPU.ActiveCfg = Release|Any CPU
		{FFAA2E8D-9543-45A7-8931-0E6C8CE6951D}.Release|Any CPU.Build.0 = Release|Any CPU
		{AC2B1286-3053-477B-B48A-0E5D84688C70}.Debug|Any CPU.ActiveCfg = Debug|Any CPU
		{AC2B1286-3053-477B-B48A-0E5D84688C70}.Debug|Any CPU.Build.0 = Debug|Any CPU
		{AC2B1286-3053-477B-B48A-0E5D84688C70}.Release|Any CPU.ActiveCfg = Release|Any CPU
		{AC2B1286-3053-477B-B48A-0E5D84688C70}.Release|Any CPU.Build.0 = Release|Any CPU
	EndGlobalSection
	GlobalSection(SolutionProperties) = preSolution
		HideSolutionNode = FALSE
	EndGlobalSection
	GlobalSection(ExtensibilityGlobals) = postSolution
		SolutionGuid = {DBD4430D-41D2-47D7-AAF8-70F385639D26}
	EndGlobalSection
EndGlobal
